
Microsoft Visual Studio Solution File, Format Version 12.00
# Visual Studio Version 16
VisualStudioVersion = 16.0.30523.141
MinimumVisualStudioVersion = 10.0.40219.1
Project("{FAE04EC0-301F-11D3-BF4B-00C04F79EFBC}") = "3-4", "3-4.csproj", "{1586718D-B081-421A-BDAE-A1B25DC6739A}"
EndProject
Project("{FAE04EC0-301F-11D3-BF4B-00C04F79EFBC}") = "3-4Tests", "..\3-4Tests\3-4Tests.csproj", "{35238D43-7157-47F5-9D6B-5E354DCAD41A}"
EndProject
Global
	GlobalSection(SolutionConfigurationPlatforms) = preSolution
		Debug|Any CPU = Debug|Any CPU
		Release|Any CPU = Release|Any CPU
	EndGlobalSection
	GlobalSection(ProjectConfigurationPlatforms) = postSolution
		{1586718D-B081-421A-BDAE-A1B25DC6739A}.Debug|Any CPU.ActiveCfg = Debug|Any CPU
		{1586718D-B081-421A-BDAE-A1B25DC6739A}.Debug|Any CPU.Build.0 = Debug|Any CPU
		{1586718D-B081-421A-BDAE-A1B25DC6739A}.Release|Any CPU.ActiveCfg = Release|Any CPU
		{1586718D-B081-421A-BDAE-A1B25DC6739A}.Release|Any CPU.Build.0 = Release|Any CPU
		{35238D43-7157-47F5-9D6B-5E354DCAD41A}.Debug|Any CPU.ActiveCfg = Debug|Any CPU
		{35238D43-7157-47F5-9D6B-5E354DCAD41A}.Debug|Any CPU.Build.0 = Debug|Any CPU
		{35238D43-7157-47F5-9D6B-5E354DCAD41A}.Release|Any CPU.ActiveCfg = Release|Any CPU
		{35238D43-7157-47F5-9D6B-5E354DCAD41A}.Release|Any CPU.Build.0 = Release|Any CPU
	EndGlobalSection
	GlobalSection(SolutionProperties) = preSolution
		HideSolutionNode = FALSE
	EndGlobalSection
	GlobalSection(ExtensibilityGlobals) = postSolution
		SolutionGuid = {61E1B832-63D3-4127-982F-46C6042790D7}
	EndGlobalSection
EndGlobal
